{
    "name": "@types/minecraft__server-ui",
    "version": "1.0.0-beta",
    "lockfileVersion": 2,
    "requires": true,
    "packages": {
        "": {
            "name": "@types/minecraft__server-ui",
            "version": "1.0.0-beta",
            "license": "MIT",
            "devDependencies": {
                "@types/minecraft__server": "github:depressed-pho/types-minecraft__server"
            }
        },
        "node_modules/@types/minecraft__server": {
            "version": "1.1.0-beta",
            "resolved": "git+ssh://git@github.com/depressed-pho/types-minecraft__server.git#49cc8de0112e6c4a11a8c142c67cfa97d0d27f53",
            "dev": true,
            "license": "MIT"
        }
    },
    "dependencies": {
        "@types/minecraft__server": {
            "version": "git+ssh://git@github.com/depressed-pho/types-minecraft__server.git#49cc8de0112e6c4a11a8c142c67cfa97d0d27f53",
            "dev": true,
            "from": "@types/minecraft__server@github:depressed-pho/types-minecraft__server"
        }
    }
}
